// !$*UTF8*$!
{
	archiveVersion = 1;
	classes = {
	};
	objectVersion = 48;
	objects = {

/* Begin PBXBuildFile section */
		84550E841FC613C200905AFB /* AppDelegate.swift in Sources */ = {isa = PBXBuildFile; fileRef = 84550E831FC613C200905AFB /* AppDelegate.swift */; };
		84550E891FC613C200905AFB /* Main.storyboard in Resources */ = {isa = PBXBuildFile; fileRef = 84550E871FC613C200905AFB /* Main.storyboard */; };
		84550E8C1FC613C200905AFB /* TodoList.xcdatamodeld in Sources */ = {isa = PBXBuildFile; fileRef = 84550E8A1FC613C200905AFB /* TodoList.xcdatamodeld */; };
		84550E8E1FC613C200905AFB /* Assets.xcassets in Resources */ = {isa = PBXBuildFile; fileRef = 84550E8D1FC613C200905AFB /* Assets.xcassets */; };
		84550E911FC613C200905AFB /* LaunchScreen.storyboard in Resources */ = {isa = PBXBuildFile; fileRef = 84550E8F1FC613C200905AFB /* LaunchScreen.storyboard */; };
		84550E991FC7E43500905AFB /* ToDoTableViewController.swift in Sources */ = {isa = PBXBuildFile; fileRef = 84550E981FC7E43500905AFB /* ToDoTableViewController.swift */; };
		84550E9B1FC7E56B00905AFB /* Todo.swift in Sources */ = {isa = PBXBuildFile; fileRef = 84550E9A1FC7E56B00905AFB /* Todo.swift */; };
		84550E9F1FC9149A00905AFB /* AddToDoViewController.swift in Sources */ = {isa = PBXBuildFile; fileRef = 84550E9E1FC9149A00905AFB /* AddToDoViewController.swift */; };
		84550EA11FC9216B00905AFB /* CompleteToDoViewController.swift in Sources */ = {isa = PBXBuildFile; fileRef = 84550EA01FC9216B00905AFB /* CompleteToDoViewController.swift */; };
/* End PBXBuildFile section */

/* Begin PBXFileReference section */
		84550E801FC613C200905AFB /* TodoList.app */ = {isa = PBXFileReference; explicitFileType = wrapper.application; includeInIndex = 0; path = TodoList.app; sourceTree = BUILT_PRODUCTS_DIR; };
		84550E831FC613C200905AFB /* AppDelegate.swift */ = {isa = PBXFileReference; lastKnownFileType = sourcecode.swift; path = AppDelegate.swift; sourceTree = "<group>"; };
		84550E881FC613C200905AFB /* Base */ = {isa = PBXFileReference; lastKnownFileType = file.storyboard; name = Base; path = Base.lproj/Main.storyboard; sourceTree = "<group>"; };
		84550E8B1FC613C200905AFB /* TodoList.xcdatamodel */ = {isa = PBXFileReference; lastKnownFileType = wrapper.xcdatamodel; path = TodoList.xcdatamodel; sourceTree = "<group>"; };
		84550E8D1FC613C200905AFB /* Assets.xcassets */ = {isa = PBXFileReference; lastKnownFileType = folder.assetcatalog; path = Assets.xcassets; sourceTree = "<group>"; };
		84550E901FC613C200905AFB /* Base */ = {isa = PBXFileReference; lastKnownFileType = file.storyboard; name = Base; path = Base.lproj/LaunchScreen.storyboard; sourceTree = "<group>"; };
		84550E921FC613C200905AFB /* Info.plist */ = {isa = PBXFileReference; lastKnownFileType = text.plist.xml; path = Info.plist; sourceTree = "<group>"; };
		84550E981FC7E43500905AFB /* ToDoTableViewController.swift */ = {isa = PBXFileReference; lastKnownFileType = sourcecode.swift; path = ToDoTableViewController.swift; sourceTree = "<group>"; };
		84550E9A1FC7E56B00905AFB /* Todo.swift */ = {isa = PBXFileReference; lastKnownFileType = sourcecode.swift; path = Todo.swift; sourceTree = "<group>"; };
		84550E9E1FC9149A00905AFB /* AddToDoViewController.swift */ = {isa = PBXFileReference; lastKnownFileType = sourcecode.swift; path = AddToDoViewController.swift; sourceTree = SOURCE_ROOT; };
		84550EA01FC9216B00905AFB /* CompleteToDoViewController.swift */ = {isa = PBXFileReference; lastKnownFileType = sourcecode.swift; path = CompleteToDoViewController.swift; sourceTree = "<group>"; };
/* End PBXFileReference section */

/* Begin PBXFrameworksBuildPhase section */
		84550E7D1FC613C200905AFB /* Frameworks */ = {
			isa = PBXFrameworksBuildPhase;
			buildActionMask = 2147483647;
			files = (
			);
			runOnlyForDeploymentPostprocessing = 0;
		};
/* End PBXFrameworksBuildPhase section */

/* Begin PBXGroup section */
		84550E771FC613C200905AFB = {
			isa = PBXGroup;
			children = (
				84550E821FC613C200905AFB /* TodoList */,
				84550E811FC613C200905AFB /* Products */,
			);
			sourceTree = "<group>";
		};
		84550E811FC613C200905AFB /* Products */ = {
			isa = PBXGroup;
			children = (
				84550E801FC613C200905AFB /* TodoList.app */,
			);
			name = Products;
			sourceTree = "<group>";
		};
		84550E821FC613C200905AFB /* TodoList */ = {
			isa = PBXGroup;
			children = (
				84550E831FC613C200905AFB /* AppDelegate.swift */,
				84550E981FC7E43500905AFB /* ToDoTableViewController.swift */,
				84550E9A1FC7E56B00905AFB /* Todo.swift */,
				84550E9E1FC9149A00905AFB /* AddToDoViewController.swift */,
				84550EA01FC9216B00905AFB /* CompleteToDoViewController.swift */,
				84550E871FC613C200905AFB /* Main.storyboard */,
				84550E8D1FC613C200905AFB /* Assets.xcassets */,
				84550E8F1FC613C200905AFB /* LaunchScreen.storyboard */,
				84550E921FC613C200905AFB /* Info.plist */,
				84550E8A1FC613C200905AFB /* TodoList.xcdatamodeld */,
			);
			path = TodoList;
			sourceTree = "<group>";
		};
/* End PBXGroup section */

/* Begin PBXNativeTarget section */
		84550E7F1FC613C200905AFB /* TodoList */ = {
			isa = PBXNativeTarget;
			buildConfigurationList = 84550E951FC613C200905AFB /* Build configuration list for PBXNativeTarget "TodoList" */;
			buildPhases = (
				84550E7C1FC613C200905AFB /* Sources */,
				84550E7D1FC613C200905AFB /* Frameworks */,
				84550E7E1FC613C200905AFB /* Resources */,
			);
			buildRules = (
			);
			dependencies = (
			);
			name = TodoList;
			productName = TodoList;
			productReference = 84550E801FC613C200905AFB /* TodoList.app */;
			productType = "com.apple.product-type.application";
		};
/* End PBXNativeTarget section */

/* Begin PBXProject section */
		84550E781FC613C200905AFB /* Project object */ = {
			isa = PBXProject;
			attributes = {
				LastSwiftUpdateCheck = 0910;
				LastUpgradeCheck = 0910;
				ORGANIZATIONNAME = "Jason Huang";
				TargetAttributes = {
					84550E7F1FC613C200905AFB = {
						CreatedOnToolsVersion = 9.1;
						ProvisioningStyle = Automatic;
					};
				};
			};
			buildConfigurationList = 84550E7B1FC613C200905AFB /* Build configuration list for PBXProject "TodoList" */;
			compatibilityVersion = "Xcode 8.0";
			developmentRegion = en;
			hasScannedForEncodings = 0;
			knownRegions = (
				en,
				Base,
			);
			mainGroup = 84550E771FC613C200905AFB;
			productRefGroup = 84550E811FC613C200905AFB /* Products */;
			projectDirPath = "";
			projectRoot = "";
			targets = (
				84550E7F1FC613C200905AFB /* TodoList */,
			);
		};
/* End PBXProject section */

/* Begin PBXResourcesBuildPhase section */
		84550E7E1FC613C200905AFB /* Resources */ = {
			isa = PBXResourcesBuildPhase;
			buildActionMask = 2147483647;
			files = (
				84550E911FC613C200905AFB /* LaunchScreen.storyboard in Resources */,
				84550E8E1FC613C200905AFB /* Assets.xcassets in Resources */,
				84550E891FC613C200905AFB /* Main.storyboard in Resources */,
			);
			runOnlyForDeploymentPostprocessing = 0;
		};
/* End PBXResourcesBuildPhase section */

/* Begin PBXSourcesBuildPhase section */
		84550E7C1FC613C200905AFB /* Sources */ = {
			isa = PBXSourcesBuildPhase;
			buildActionMask = 2147483647;
			files = (
				84550E841FC613C200905AFB /* AppDelegate.swift in Sources */,
				84550E991FC7E43500905AFB /* ToDoTableViewController.swift in Sources */,
				84550E9F1FC9149A00905AFB /* AddToDoViewController.swift in Sources */,
				84550E8C1FC613C200905AFB /* TodoList.xcdatamodeld in Sources */,
				84550EA11FC9216B00905AFB /* CompleteToDoViewController.swift in Sources */,
				84550E9B1FC7E56B00905AFB /* Todo.swift in Sources */,
			);
			runOnlyForDeploymentPostprocessing = 0;
		};
/* End PBXSourcesBuildPhase section */

/* Begin PBXVariantGroup section */
		84550E871FC613C200905AFB /* Main.storyboard */ = {
			isa = PBXVariantGroup;
			children = (
				84550E881FC613C200905AFB /* Base */,
			);
			name = Main.storyboard;
			sourceTree = "<group>";
		};
		84550E8F1FC613C200905AFB /* LaunchScreen.storyboard */ = {
			isa = PBXVariantGroup;
			children = (
				84550E901FC613C200905AFB /* Base */,
			);
			name = LaunchScreen.storyboard;
			sourceTree = "<group>";
		};
/* End PBXVariantGroup section */

/* Begin XCBuildConfiguration section */
		84550E931FC613C200905AFB /* Debug */ = {
			isa = XCBuildConfiguration;
			buildSettings = {
				ALWAYS_SEARCH_USER_PATHS = NO;
				CLANG_ANALYZER_NONNULL = YES;
				CLANG_ANALYZER_NUMBER_OBJECT_CONVERSION = YES_AGGRESSIVE;
				CLANG_CXX_LANGUAGE_STANDARD = "gnu++14";
				CLANG_CXX_LIBRARY = "libc++";
				CLANG_ENABLE_MODULES = YES;
				CLANG_ENABLE_OBJC_ARC = YES;
				CLANG_WARN_BLOCK_CAPTURE_AUTORELEASING = YES;
				CLANG_WARN_BOOL_CONVERSION = YES;
				CLANG_WARN_COMMA = YES;
				CLANG_WARN_CONSTANT_CONVERSION = YES;
				CLANG_WARN_DIRECT_OBJC_ISA_USAGE = YES_ERROR;
				CLANG_WARN_DOCUMENTATION_COMMENTS = YES;
				CLANG_WARN_EMPTY_BODY = YES;
				CLANG_WARN_ENUM_CONVERSION = YES;
				CLANG_WARN_INFINITE_RECURSION = YES;
				CLANG_WARN_INT_CONVERSION = YES;
				CLANG_WARN_NON_LITERAL_NULL_CONVERSION = YES;
				CLANG_WARN_OBJC_LITERAL_CONVERSION = YES;
				CLANG_WARN_OBJC_ROOT_CLASS = YES_ERROR;
				CLANG_WARN_RANGE_LOOP_ANALYSIS = YES;
				CLANG_WARN_STRICT_PROTOTYPES = YES;
				CLANG_WARN_SUSPICIOUS_MOVE = YES;
				CLANG_WARN_UNGUARDED_AVAILABILITY = YES_AGGRESSIVE;
				CLANG_WARN_UNREACHABLE_CODE = YES;
				CLANG_WARN__DUPLICATE_METHOD_MATCH = YES;
				CODE_SIGN_IDENTITY = "iPhone Developer";
				COPY_PHASE_STRIP = NO;
				DEBUG_INFORMATION_FORMAT = dwarf;
				ENABLE_STRICT_OBJC_MSGSEND = YES;
				ENABLE_TESTABILITY = YES;
				GCC_C_LANGUAGE_STANDARD = gnu11;
				GCC_DYNAMIC_NO_PIC = NO;
				GCC_NO_COMMON_BLOCKS = YES;
				GCC_OPTIMIZATION_LEVEL = 0;
				GCC_PREPROCESSOR_DEFINITIONS = (
					"DEBUG=1",
					"$(inherited)",
				);
				GCC_WARN_64_TO_32_BIT_CONVERSION = YES;
				GCC_WARN_ABOUT_RETURN_TYPE = YES_ERROR;
				GCC_WARN_UNDECLARED_SELECTOR = YES;
				GCC_WARN_UNINITIALIZED_AUTOS = YES_AGGRESSIVE;
				GCC_WARN_UNUSED_FUNCTION = YES;
				GCC_WARN_UNUSED_VARIABLE = YES;
				IPHONEOS_DEPLOYMENT_TARGET = 11.1;
				MTL_ENABLE_DEBUG_INFO = YES;
				ONLY_ACTIVE_ARCH = YES;
				SDKROOT = iphoneos;
				SWIFT_ACTIVE_COMPILATION_CONDITIONS = DEBUG;
				SWIFT_OPTIMIZATION_LEVEL = "-Onone";
			};
			name = Debug;
		};
		84550E941FC613C200905AFB /* Release */ = {
			isa = XCBuildConfiguration;
			buildSettings = {
				ALWAYS_SEARCH_USER_PATHS = NO;
				CLANG_ANALYZER_NONNULL = YES;
				CLANG_ANALYZER_NUMBER_OBJECT_CONVERSION = YES_AGGRESSIVE;
				CLANG_CXX_LANGUAGE_STANDARD = "gnu++14";
				CLANG_CXX_LIBRARY = "libc++";
				CLANG_ENABLE_MODULES = YES;
				CLANG_ENABLE_OBJC_ARC = YES;
				CLANG_WARN_BLOCK_CAPTURE_AUTORELEASING = YES;
				CLANG_WARN_BOOL_CONVERSION = YES;
				CLANG_WARN_COMMA = YES;
				CLANG_WARN_CONSTANT_CONVERSION = YES;
				CLANG_WARN_DIRECT_OBJC_ISA_USAGE = YES_ERROR;
				CLANG_WARN_DOCUMENTATION_COMMENTS = YES;
				CLANG_WARN_EMPTY_BODY = YES;
				CLANG_WARN_ENUM_CONVERSION = YES;
				CLANG_WARN_INFINITE_RECURSION = YES;
				CLANG_WARN_INT_CONVERSION = YES;
				CLANG_WARN_NON_LITERAL_NULL_CONVERSION = YES;
				CLANG_WARN_OBJC_LITERAL_CONVERSION = YES;
				CLANG_WARN_OBJC_ROOT_CLASS = YES_ERROR;
				CLANG_WARN_RANGE_LOOP_ANALYSIS = YES;
				CLANG_WARN_STRICT_PROTOTYPES = YES;
				CLANG_WARN_SUSPICIOUS_MOVE = YES;
				CLANG_WARN_UNGUARDED_AVAILABILITY = YES_AGGRESSIVE;
				CLANG_WARN_UNREACHABLE_CODE = YES;
				CLANG_WARN__DUPLICATE_METHOD_MATCH = YES;
				CODE_SIGN_IDENTITY = "iPhone Developer";
				COPY_PHASE_STRIP = NO;
				DEBUG_INFORMATION_FORMAT = "dwarf-with-dsym";
				ENABLE_NS_ASSERTIONS = NO;
				ENABLE_STRICT_OBJC_MSGSEND = YES;
				GCC_C_LANGUAGE_STANDARD = gnu11;
				GCC_NO_COMMON_BLOCKS = YES;
				GCC_WARN_64_TO_32_BIT_CONVERSION = YES;
				GCC_WARN_ABOUT_RETURN_TYPE = YES_ERROR;
				GCC_WARN_UNDECLARED_SELECTOR = YES;
				GCC_WARN_UNINITIALIZED_AUTOS = YES_AGGRESSIVE;
				GCC_WARN_UNUSED_FUNCTION = YES;
				GCC_WARN_UNUSED_VARIABLE = YES;
				IPHONEOS_DEPLOYMENT_TARGET = 11.1;
				MTL_ENABLE_DEBUG_INFO = NO;
				SDKROOT = iphoneos;
				SWIFT_OPTIMIZATION_LEVEL = "-Owholemodule";
				VALIDATE_PRODUCT = YES;
			};
			name = Release;
		};
		84550E961FC613C200905AFB /* Debug */ = {
			isa = XCBuildConfiguration;
			buildSettings = {
				ASSETCATALOG_COMPILER_APPICON_NAME = AppIcon;
				CODE_SIGN_STYLE = Automatic;
				DEVELOPMENT_TEAM = 53MG6P6FXB;
				INFOPLIST_FILE = TodoList/Info.plist;
				LD_RUNPATH_SEARCH_PATHS = "$(inherited) @executable_path/Frameworks";
				PRODUCT_BUNDLE_IDENTIFIER = edu.JasonHuang.TodoList;
				PRODUCT_NAME = "$(TARGET_NAME)";
				SWIFT_VERSION = 4.0;
				TARGETED_DEVICE_FAMILY = "1,2";
			};
			name = Debug;
		};
		84550E971FC613C200905AFB /* Release */ = {
			isa = XCBuildConfiguration;
			buildSettings = {
				ASSETCATALOG_COMPILER_APPICON_NAME = AppIcon;
				CODE_SIGN_STYLE = Automatic;
				DEVELOPMENT_TEAM = 53MG6P6FXB;
				INFOPLIST_FILE = TodoList/Info.plist;
				LD_RUNPATH_SEARCH_PATHS = "$(inherited) @executable_path/Frameworks";
				PRODUCT_BUNDLE_IDENTIFIER = edu.JasonHuang.TodoList;
				PRODUCT_NAME = "$(TARGET_NAME)";
				SWIFT_VERSION = 4.0;
				TARGETED_DEVICE_FAMILY = "1,2";
			};
			name = Release;
		};
/* End XCBuildConfiguration section */

/* Begin XCConfigurationList section */
		84550E7B1FC613C200905AFB /* Build configuration list for PBXProject "TodoList" */ = {
			isa = XCConfigurationList;
			buildConfigurations = (
				84550E931FC613C200905AFB /* Debug */,
				84550E941FC613C200905AFB /* Release */,
			);
			defaultConfigurationIsVisible = 0;
			defaultConfigurationName = Release;
		};
		84550E951FC613C200905AFB /* Build configuration list for PBXNativeTarget "TodoList" */ = {
			isa = XCConfigurationList;
			buildConfigurations = (
				84550E961FC613C200905AFB /* Debug */,
				84550E971FC613C200905AFB /* Release */,
			);
			defaultConfigurationIsVisible = 0;
			defaultConfigurationName = Release;
		};
/* End XCConfigurationList section */

/* Begin XCVersionGroup section */
		84550E8A1FC613C200905AFB /* TodoList.xcdatamodeld */ = {
			isa = XCVersionGroup;
			children = (
				84550E8B1FC613C200905AFB /* TodoList.xcdatamodel */,
			);
			currentVersion = 84550E8B1FC613C200905AFB /* TodoList.xcdatamodel */;
			path = TodoList.xcdatamodeld;
			sourceTree = "<group>";
			versionGroupType = wrapper.xcdatamodel;
		};
/* End XCVersionGroup section */
	};
	rootObject = 84550E781FC613C200905AFB /* Project object */;
}
